// !$*UTF8*$!
{
	archiveVersion = 1;
	classes = {
	};
	objectVersion = 55;
	objects = {

/* Begin PBXBuildFile section */
		A0837EAA26B8117700612324 /* main.cpp in Sources */ = {isa = PBXBuildFile; fileRef = A0837EA926B8117700612324 /* main.cpp */; };
		A0837EB226B8133600612324 /* libglfw.3.3.dylib in Frameworks */ = {isa = PBXBuildFile; fileRef = A0837EB126B8133600612324 /* libglfw.3.3.dylib */; };
		A0837EB426B8134000612324 /* libGLEW.2.2.0.dylib in Frameworks */ = {isa = PBXBuildFile; fileRef = A0837EB326B8134000612324 /* libGLEW.2.2.0.dylib */; };
		A0AC340A26BA847600CE3E70 /* OpenGL.framework in Frameworks */ = {isa = PBXBuildFile; fileRef = A0AC340926BA847600CE3E70 /* OpenGL.framework */; platformFilters = (maccatalyst, macos, ); };
		A0AC341226BAB9D500CE3E70 /* glad.c in Sources */ = {isa = PBXBuildFile; fileRef = A0AC341126BAB9D500CE3E70 /* glad.c */; };
/* End PBXBuildFile section */

/* Begin PBXCopyFilesBuildPhase section */
		A0837EA426B8117700612324 /* CopyFiles */ = {
			isa = PBXCopyFilesBuildPhase;
			buildActionMask = 2147483647;
			dstPath = /usr/share/man/man1/;
			dstSubfolderSpec = 0;
			files = (
			);
			runOnlyForDeploymentPostprocessing = 1;
		};
/* End PBXCopyFilesBuildPhase section */

/* Begin PBXFileReference section */
		A0837EA626B8117700612324 /* LearnOpenGL */ = {isa = PBXFileReference; explicitFileType = "compiled.mach-o.executable"; includeInIndex = 0; path = LearnOpenGL; sourceTree = BUILT_PRODUCTS_DIR; };
		A0837EA926B8117700612324 /* main.cpp */ = {isa = PBXFileReference; lastKnownFileType = sourcecode.cpp.cpp; path = main.cpp; sourceTree = "<group>"; };
		A0837EB126B8133600612324 /* libglfw.3.3.dylib */ = {isa = PBXFileReference; lastKnownFileType = "compiled.mach-o.dylib"; name = libglfw.3.3.dylib; path = ../../../../usr/local/Cellar/glfw/3.3.4/lib/libglfw.3.3.dylib; sourceTree = "<group>"; };
		A0837EB326B8134000612324 /* libGLEW.2.2.0.dylib */ = {isa = PBXFileReference; lastKnownFileType = "compiled.mach-o.dylib"; name = libGLEW.2.2.0.dylib; path = ../../../../usr/local/Cellar/glew/2.2.0_1/lib/libGLEW.2.2.0.dylib; sourceTree = "<group>"; };
		A0837EB526B815F600612324 /* libGLEW.a */ = {isa = PBXFileReference; lastKnownFileType = archive.ar; name = libGLEW.a; path = ../../../../usr/local/Cellar/glew/2.2.0_1/lib/libGLEW.a; sourceTree = "<group>"; };
		A0AC340926BA847600CE3E70 /* OpenGL.framework */ = {isa = PBXFileReference; lastKnownFileType = wrapper.framework; name = OpenGL.framework; path = System/Library/Frameworks/OpenGL.framework; sourceTree = SDKROOT; };
		A0AC340B26BA872200CE3E70 /* LearnOpenGL.entitlements */ = {isa = PBXFileReference; lastKnownFileType = text.plist.entitlements; path = LearnOpenGL.entitlements; sourceTree = "<group>"; };
		A0AC340C26BAB63800CE3E70 /* stb_image.h */ = {isa = PBXFileReference; fileEncoding = 4; lastKnownFileType = sourcecode.c.h; path = stb_image.h; sourceTree = "<group>"; };
		A0AC340D26BAB80000CE3E70 /* shader_s.h */ = {isa = PBXFileReference; lastKnownFileType = sourcecode.c.h; path = shader_s.h; sourceTree = "<group>"; };
		A0AC341026BAB98700CE3E70 /* container.jpeg */ = {isa = PBXFileReference; lastKnownFileType = image.jpeg; path = container.jpeg; sourceTree = "<group>"; };
		A0AC341126BAB9D500CE3E70 /* glad.c */ = {isa = PBXFileReference; fileEncoding = 4; lastKnownFileType = sourcecode.c.c; name = glad.c; path = ../../../../../usr/local/Cellar/glad/src/glad.c; sourceTree = "<group>"; };
		A0AC341326BAC02A00CE3E70 /* texture.fs */ = {isa = PBXFileReference; fileEncoding = 4; lastKnownFileType = sourcecode.glsl; path = texture.fs; sourceTree = "<group>"; };
		A0AC341426BAC02A00CE3E70 /* texture.vs */ = {isa = PBXFileReference; fileEncoding = 4; lastKnownFileType = sourcecode.glsl; path = texture.vs; sourceTree = "<group>"; };
/* End PBXFileReference section */

/* Begin PBXFrameworksBuildPhase section */
		A0837EA326B8117700612324 /* Frameworks */ = {
			isa = PBXFrameworksBuildPhase;
			buildActionMask = 2147483647;
			files = (
				A0837EB226B8133600612324 /* libglfw.3.3.dylib in Frameworks */,
				A0837EB426B8134000612324 /* libGLEW.2.2.0.dylib in Frameworks */,
				A0AC340A26BA847600CE3E70 /* OpenGL.framework in Frameworks */,
			);
			runOnlyForDeploymentPostprocessing = 0;
		};
/* End PBXFrameworksBuildPhase section */

/* Begin PBXGroup section */
		A0837E9D26B8117700612324 = {
			isa = PBXGroup;
			children = (
				A0837EA826B8117700612324 /* LearnOpenGL */,
				A0837EA726B8117700612324 /* Products */,
				A0837EB026B8133600612324 /* Frameworks */,
			);
			sourceTree = "<group>";
		};
		A0837EA726B8117700612324 /* Products */ = {
			isa = PBXGroup;
			children = (
				A0837EA626B8117700612324 /* LearnOpenGL */,
			);
			name = Products;
			sourceTree = "<group>";
		};
		A0837EA826B8117700612324 /* LearnOpenGL */ = {
			isa = PBXGroup;
			children = (
				A0AC340B26BA872200CE3E70 /* LearnOpenGL.entitlements */,
				A0837EA926B8117700612324 /* main.cpp */,
				A0AC341126BAB9D500CE3E70 /* glad.c */,
				A0AC340C26BAB63800CE3E70 /* stb_image.h */,
				A0AC340D26BAB80000CE3E70 /* shader_s.h */,
				A0AC341426BAC02A00CE3E70 /* texture.vs */,
				A0AC341326BAC02A00CE3E70 /* texture.fs */,
				A0AC341026BAB98700CE3E70 /* container.jpeg */,
			);
			path = LearnOpenGL;
			sourceTree = "<group>";
		};
		A0837EB026B8133600612324 /* Frameworks */ = {
			isa = PBXGroup;
			children = (
				A0AC340926BA847600CE3E70 /* OpenGL.framework */,
				A0837EB526B815F600612324 /* libGLEW.a */,
				A0837EB326B8134000612324 /* libGLEW.2.2.0.dylib */,
				A0837EB126B8133600612324 /* libglfw.3.3.dylib */,
			);
			name = Frameworks;
			sourceTree = "<group>";
		};
/* End PBXGroup section */

/* Begin PBXNativeTarget section */
		A0837EA526B8117700612324 /* LearnOpenGL */ = {
			isa = PBXNativeTarget;
			buildConfigurationList = A0837EAD26B8117700612324 /* Build configuration list for PBXNativeTarget "LearnOpenGL" */;
			buildPhases = (
				A0837EA226B8117700612324 /* Sources */,
				A0837EA326B8117700612324 /* Frameworks */,
				A0837EA426B8117700612324 /* CopyFiles */,
			);
			buildRules = (
			);
			dependencies = (
			);
			name = LearnOpenGL;
			productName = LearnOpenGL;
			productReference = A0837EA626B8117700612324 /* LearnOpenGL */;
			productType = "com.apple.product-type.tool";
		};
/* End PBXNativeTarget section */

/* Begin PBXProject section */
		A0837E9E26B8117700612324 /* Project object */ = {
			isa = PBXProject;
			attributes = {
				BuildIndependentTargetsInParallel = 1;
				LastUpgradeCheck = 1300;
				TargetAttributes = {
					A0837EA526B8117700612324 = {
						CreatedOnToolsVersion = 13.0;
					};
				};
			};
			buildConfigurationList = A0837EA126B8117700612324 /* Build configuration list for PBXProject "LearnOpenGL" */;
			compatibilityVersion = "Xcode 13.0";
			developmentRegion = en;
			hasScannedForEncodings = 0;
			knownRegions = (
				en,
				Base,
			);
			mainGroup = A0837E9D26B8117700612324;
			productRefGroup = A0837EA726B8117700612324 /* Products */;
			projectDirPath = "";
			projectRoot = "";
			targets = (
				A0837EA526B8117700612324 /* LearnOpenGL */,
			);
		};
/* End PBXProject section */

/* Begin PBXSourcesBuildPhase section */
		A0837EA226B8117700612324 /* Sources */ = {
			isa = PBXSourcesBuildPhase;
			buildActionMask = 2147483647;
			files = (
				A0837EAA26B8117700612324 /* main.cpp in Sources */,
				A0AC341226BAB9D500CE3E70 /* glad.c in Sources */,
			);
			runOnlyForDeploymentPostprocessing = 0;
		};
/* End PBXSourcesBuildPhase section */

/* Begin XCBuildConfiguration section */
		A0837EAB26B8117700612324 /* Debug */ = {
			isa = XCBuildConfiguration;
			buildSettings = {
				ALWAYS_SEARCH_USER_PATHS = NO;
				CLANG_ANALYZER_NONNULL = YES;
				CLANG_ANALYZER_NUMBER_OBJECT_CONVERSION = YES_AGGRESSIVE;
				CLANG_CXX_LANGUAGE_STANDARD = "gnu++17";
				CLANG_CXX_LIBRARY = "libc++";
				CLANG_ENABLE_MODULES = YES;
				CLANG_ENABLE_OBJC_ARC = YES;
				CLANG_ENABLE_OBJC_WEAK = YES;
				CLANG_WARN_BLOCK_CAPTURE_AUTORELEASING = YES;
				CLANG_WARN_BOOL_CONVERSION = YES;
				CLANG_WARN_COMMA = YES;
				CLANG_WARN_CONSTANT_CONVERSION = YES;
				CLANG_WARN_DEPRECATED_OBJC_IMPLEMENTATIONS = YES;
				CLANG_WARN_DIRECT_OBJC_ISA_USAGE = YES_ERROR;
				CLANG_WARN_DOCUMENTATION_COMMENTS = YES;
				CLANG_WARN_EMPTY_BODY = YES;
				CLANG_WARN_ENUM_CONVERSION = YES;
				CLANG_WARN_INFINITE_RECURSION = YES;
				CLANG_WARN_INT_CONVERSION = YES;
				CLANG_WARN_NON_LITERAL_NULL_CONVERSION = YES;
				CLANG_WARN_OBJC_IMPLICIT_RETAIN_SELF = YES;
				CLANG_WARN_OBJC_LITERAL_CONVERSION = YES;
				CLANG_WARN_OBJC_ROOT_CLASS = YES_ERROR;
				CLANG_WARN_QUOTED_INCLUDE_IN_FRAMEWORK_HEADER = YES;
				CLANG_WARN_RANGE_LOOP_ANALYSIS = YES;
				CLANG_WARN_STRICT_PROTOTYPES = YES;
				CLANG_WARN_SUSPICIOUS_MOVE = YES;
				CLANG_WARN_UNGUARDED_AVAILABILITY = YES_AGGRESSIVE;
				CLANG_WARN_UNREACHABLE_CODE = YES;
				CLANG_WARN__DUPLICATE_METHOD_MATCH = YES;
				COPY_PHASE_STRIP = NO;
				DEBUG_INFORMATION_FORMAT = dwarf;
				ENABLE_STRICT_OBJC_MSGSEND = YES;
				ENABLE_TESTABILITY = YES;
				GCC_C_LANGUAGE_STANDARD = gnu11;
				GCC_DYNAMIC_NO_PIC = NO;
				GCC_NO_COMMON_BLOCKS = YES;
				GCC_OPTIMIZATION_LEVEL = 0;
				GCC_PREPROCESSOR_DEFINITIONS = (
					"DEBUG=1",
					"$(inherited)",
				);
				GCC_WARN_64_TO_32_BIT_CONVERSION = YES;
				GCC_WARN_ABOUT_RETURN_TYPE = YES_ERROR;
				GCC_WARN_UNDECLARED_SELECTOR = YES;
				GCC_WARN_UNINITIALIZED_AUTOS = YES_AGGRESSIVE;
				GCC_WARN_UNUSED_FUNCTION = YES;
				GCC_WARN_UNUSED_VARIABLE = YES;
				MACOSX_DEPLOYMENT_TARGET = 11.4;
				MTL_ENABLE_DEBUG_INFO = INCLUDE_SOURCE;
				MTL_FAST_MATH = YES;
				ONLY_ACTIVE_ARCH = YES;
				SDKROOT = macosx;
			};
			name = Debug;
		};
		A0837EAC26B8117700612324 /* Release */ = {
			isa = XCBuildConfiguration;
			buildSettings = {
				ALWAYS_SEARCH_USER_PATHS = NO;
				CLANG_ANALYZER_NONNULL = YES;
				CLANG_ANALYZER_NUMBER_OBJECT_CONVERSION = YES_AGGRESSIVE;
				CLANG_CXX_LANGUAGE_STANDARD = "gnu++17";
				CLANG_CXX_LIBRARY = "libc++";
				CLANG_ENABLE_MODULES = YES;
				CLANG_ENABLE_OBJC_ARC = YES;
				CLANG_ENABLE_OBJC_WEAK = YES;
				CLANG_WARN_BLOCK_CAPTURE_AUTORELEASING = YES;
				CLANG_WARN_BOOL_CONVERSION = YES;
				CLANG_WARN_COMMA = YES;
				CLANG_WARN_CONSTANT_CONVERSION = YES;
				CLANG_WARN_DEPRECATED_OBJC_IMPLEMENTATIONS = YES;
				CLANG_WARN_DIRECT_OBJC_ISA_USAGE = YES_ERROR;
				CLANG_WARN_DOCUMENTATION_COMMENTS = YES;
				CLANG_WARN_EMPTY_BODY = YES;
				CLANG_WARN_ENUM_CONVERSION = YES;
				CLANG_WARN_INFINITE_RECURSION = YES;
				CLANG_WARN_INT_CONVERSION = YES;
				CLANG_WARN_NON_LITERAL_NULL_CONVERSION = YES;
				CLANG_WARN_OBJC_IMPLICIT_RETAIN_SELF = YES;
				CLANG_WARN_OBJC_LITERAL_CONVERSION = YES;
				CLANG_WARN_OBJC_ROOT_CLASS = YES_ERROR;
				CLANG_WARN_QUOTED_INCLUDE_IN_FRAMEWORK_HEADER = YES;
				CLANG_WARN_RANGE_LOOP_ANALYSIS = YES;
				CLANG_WARN_STRICT_PROTOTYPES = YES;
				CLANG_WARN_SUSPICIOUS_MOVE = YES;
				CLANG_WARN_UNGUARDED_AVAILABILITY = YES_AGGRESSIVE;
				CLANG_WARN_UNREACHABLE_CODE = YES;
				CLANG_WARN__DUPLICATE_METHOD_MATCH = YES;
				COPY_PHASE_STRIP = NO;
				DEBUG_INFORMATION_FORMAT = "dwarf-with-dsym";
				ENABLE_NS_ASSERTIONS = NO;
				ENABLE_STRICT_OBJC_MSGSEND = YES;
				GCC_C_LANGUAGE_STANDARD = gnu11;
				GCC_NO_COMMON_BLOCKS = YES;
				GCC_WARN_64_TO_32_BIT_CONVERSION = YES;
				GCC_WARN_ABOUT_RETURN_TYPE = YES_ERROR;
				GCC_WARN_UNDECLARED_SELECTOR = YES;
				GCC_WARN_UNINITIALIZED_AUTOS = YES_AGGRESSIVE;
				GCC_WARN_UNUSED_FUNCTION = YES;
				GCC_WARN_UNUSED_VARIABLE = YES;
				MACOSX_DEPLOYMENT_TARGET = 11.4;
				MTL_ENABLE_DEBUG_INFO = NO;
				MTL_FAST_MATH = YES;
				SDKROOT = macosx;
			};
			name = Release;
		};
		A0837EAE26B8117700612324 /* Debug */ = {
			isa = XCBuildConfiguration;
			buildSettings = {
				CODE_SIGN_ENTITLEMENTS = LearnOpenGL/LearnOpenGL.entitlements;
				CODE_SIGN_STYLE = Automatic;
				DEVELOPMENT_TEAM = S75BD6UFJ2;
				ENABLE_HARDENED_RUNTIME = YES;
				HEADER_SEARCH_PATHS = (
					"$(inherited)",
					/usr/local/include,
					/usr/local/Cellar/glfw/3.3.4/include/GLFW,
					/usr/local/Cellar/glew/2.2.0_1/include/GL,
					/usr/local/Cellar/glad/include,
					/usr/local/Cellar/glm/0.9.9.8/include/glm,
				);
				LIBRARY_SEARCH_PATHS = (
					/usr/local/Cellar/glew/2.2.0_1/lib,
					/usr/local/Cellar/glfw/3.3.4/lib,
				);
				MACOSX_DEPLOYMENT_TARGET = 10.15;
				PRODUCT_NAME = "$(TARGET_NAME)";
				USER_HEADER_SEARCH_PATHS = /usr/local/include;
			};
			name = Debug;
		};
		A0837EAF26B8117700612324 /* Release */ = {
			isa = XCBuildConfiguration;
			buildSettings = {
				CODE_SIGN_ENTITLEMENTS = LearnOpenGL/LearnOpenGL.entitlements;
				CODE_SIGN_STYLE = Automatic;
				DEVELOPMENT_TEAM = S75BD6UFJ2;
				ENABLE_HARDENED_RUNTIME = YES;
				HEADER_SEARCH_PATHS = (
					"$(inherited)",
					/usr/local/include,
					/usr/local/Cellar/glfw/3.3.4/include/GLFW,
					/usr/local/Cellar/glew/2.2.0_1/include/GL,
					/usr/local/Cellar/glad/include,
					/usr/local/Cellar/glm/0.9.9.8/include/glm,
				);
				LIBRARY_SEARCH_PATHS = (
					/usr/local/Cellar/glew/2.2.0_1/lib,
					/usr/local/Cellar/glfw/3.3.4/lib,
				);
				MACOSX_DEPLOYMENT_TARGET = 10.15;
				PRODUCT_NAME = "$(TARGET_NAME)";
				USER_HEADER_SEARCH_PATHS = /usr/local/include;
			};
			name = Release;
		};
/* End XCBuildConfiguration section */

/* Begin XCConfigurationList section */
		A0837EA126B8117700612324 /* Build configuration list for PBXProject "LearnOpenGL" */ = {
			isa = XCConfigurationList;
			buildConfigurations = (
				A0837EAB26B8117700612324 /* Debug */,
				A0837EAC26B8117700612324 /* Release */,
			);
			defaultConfigurationIsVisible = 0;
			defaultConfigurationName = Release;
		};
		A0837EAD26B8117700612324 /* Build configuration list for PBXNativeTarget "LearnOpenGL" */ = {
			isa = XCConfigurationList;
			buildConfigurations = (
				A0837EAE26B8117700612324 /* Debug */,
				A0837EAF26B8117700612324 /* Release */,
			);
			defaultConfigurationIsVisible = 0;
			defaultConfigurationName = Release;
		};
/* End XCConfigurationList section */
	};
	rootObject = A0837E9E26B8117700612324 /* Project object */;
}
